PODS:
  - AppAuth (1.5.0):
    - AppAuth/Core (= 1.5.0)
    - AppAuth/ExternalUserAgent (= 1.5.0)
  - AppAuth/Core (1.5.0)
  - AppAuth/ExternalUserAgent (1.5.0):
    - AppAuth/Core
  - GoogleAPIClientForREST/Core (2.0.0):
    - GTMSessionFetcher/Full (< 3.0, >= 1.6.1)
  - GoogleAPIClientForREST/Drive (2.0.0):
    - GoogleAPIClientForREST/Core
    - GTMSessionFetcher/Full (< 3.0, >= 1.6.1)
  - GoogleAPIClientForREST/Sheets (2.0.0):
    - GoogleAPIClientForREST/Core
    - GTMSessionFetcher/Full (< 3.0, >= 1.6.1)
  - GoogleSignIn (6.2.3):
    - AppAuth (~> 1.5)
    - GTMAppAuth (~> 1.3)
    - GTMSessionFetcher/Core (~> 1.1)
  - GoogleSignInSwiftSupport (6.2.3):
    - GoogleSignIn (~> 6.2)
  - GTMAppAuth (1.3.0):
    - AppAuth/Core (~> 1.4)
    - GTMSessionFetcher/Core (~> 1.5)
  - GTMSessionFetcher/Core (1.7.2)
  - GTMSessionFetcher/Full (1.7.2):
    - GTMSessionFetcher/Core (= 1.7.2)
  - SDWebImage (5.13.2):
    - SDWebImage/Core (= 5.13.2)
  - SDWebImage/Core (5.13.2)
  - SDWebImageSwiftUI (2.0.2):
    - SDWebImage (~> 5.10)

DEPENDENCIES:
  - GoogleAPIClientForREST/Drive (= 2.0.0)
  - GoogleAPIClientForREST/Sheets (= 2.0.0)
  - GoogleSignIn (~> 6.2)
  - GoogleSignInSwiftSupport (~> 6.2.2)
  - GTMAppAuth (= 1.3.0)
  - SDWebImageSwiftUI (~> 2.0)

SPEC REPOS:
  trunk:
    - AppAuth
    - GoogleAPIClientForREST
    - GoogleSignIn
    - GoogleSignInSwiftSupport
    - GTMAppAuth
    - GTMSessionFetcher
    - SDWebImage
    - SDWebImageSwiftUI

SPEC CHECKSUMS:
  AppAuth: 80317d99ac7ff2801a2f18ff86b48cd315ed465d
  GoogleAPIClientForREST: 2abe83bae1085d28f94ccc30a49fc7950d721fb9
  GoogleSignIn: f4d3939cc0d9264d7509c4b9a924a6c987e30b54
  GoogleSignInSwiftSupport: f76e00ac6ba4653af48372c765d45f327219b3ff
  GTMAppAuth: 4d8f864896f3646f0c33baf38a28362f4c601e15
  GTMSessionFetcher: 5595ec75acf5be50814f81e9189490412bad82ba
  SDWebImage: 72f86271a6f3139cc7e4a89220946489d4b9a866
  SDWebImageSwiftUI: 8a3923c95108312b03a599ec1498754af55a6819

PODFILE CHECKSUM: 6d21ac8483abf6596e048914b6021c215533da13

COCOAPODS: 1.11.3
